
Microsoft Visual Studio Solution File, Format Version 12.00
# Visual Studio Version 17
VisualStudioVersion = 17.0.31912.275
MinimumVisualStudioVersion = 10.0.40219.1
Project("{FAE04EC0-301F-11D3-BF4B-00C04F79EFBC}") = "prime___numbers", "prime___numbers\prime___numbers.csproj", "{77900AA1-CB6B-441C-8112-82E4038923BA}"
EndProject
Global
	GlobalSection(SolutionConfigurationPlatforms) = preSolution
		Debug|Any CPU = Debug|Any CPU
		Release|Any CPU = Release|Any CPU
	EndGlobalSection
	GlobalSection(ProjectConfigurationPlatforms) = postSolution
		{77900AA1-CB6B-441C-8112-82E4038923BA}.Debug|Any CPU.ActiveCfg = Debug|Any CPU
		{77900AA1-CB6B-441C-8112-82E4038923BA}.Debug|Any CPU.Build.0 = Debug|Any CPU
		{77900AA1-CB6B-441C-8112-82E4038923BA}.Release|Any CPU.ActiveCfg = Release|Any CPU
		{77900AA1-CB6B-441C-8112-82E4038923BA}.Release|Any CPU.Build.0 = Release|Any CPU
	EndGlobalSection
	GlobalSection(SolutionProperties) = preSolution
		HideSolutionNode = FALSE
	EndGlobalSection
	GlobalSection(ExtensibilityGlobals) = postSolution
		SolutionGuid = {CB27D0DC-3775-4C87-8458-EC2440C36877}
	EndGlobalSection
EndGlobal
